dependencies:
- name: redis
  repository: https://charts.bitnami.com/bitnami
  version: 17.3.2
- name: postgresql
  repository: https://charts.bitnami.com/bitnami
  version: 12.1.4
digest: sha256:03001ce0d741a4f72e452d3e3ae05e959c15da672d8f72324d701ab840723df8
generated: "2025-02-10T16:49:48.228290875Z"
